lockfileVersion: '9.0'

settings:
  autoInstallPeers: true
  excludeLinksFromLockfile: false

importers:

  .:
    dependencies:
      '@xstate/react':
        specifier: ^5.0.2
        version: 5.0.2(react@19.0.0)(xstate@5.19.2)
      xstate:
        specifier: ^5.19.2
        version: 5.19.2

packages:

  '@xstate/react@5.0.2':
    resolution: {integrity: sha512-x5GOrE0ZYjU2ba986u0CCp7SaPwzElSn1SW0mZ9MuBgsZ+BW7vTLVOvGmURynwojdso8d6nVbK3c2+MRVqGVgA==}
    peerDependencies:
      react: ^16.8.0 || ^17.0.0 || ^18.0.0 || ^19.0.0-0
      xstate: ^5.19.2
    peerDependenciesMeta:
      xstate:
        optional: true

  react@19.0.0:
    resolution: {integrity: sha512-V8AVnmPIICiWpGfm6GLzCR/W5FXLchHop40W4nXBmdlEceh16rCN8O8LNWm5bh5XUX91fh7KpA+W0TgMKmgTpQ==}
    engines: {node: '>=0.10.0'}

  use-isomorphic-layout-effect@1.2.0:
    resolution: {integrity: sha512-q6ayo8DWoPZT0VdG4u3D3uxcgONP3Mevx2i2b0434cwWBoL+aelL1DzkXI6w3PhTZzUeR2kaVlZn70iCiseP6w==}
    peerDependencies:
      '@types/react': '*'
      react: ^16.8.0 || ^17.0.0 || ^18.0.0 || ^19.0.0
    peerDependenciesMeta:
      '@types/react':
        optional: true

  use-sync-external-store@1.4.0:
    resolution: {integrity: sha512-9WXSPC5fMv61vaupRkCKCxsPxBocVnwakBEkMIHHpkTTg6icbJtg6jzgtLDm4bl3cSHAca52rYWih0k4K3PfHw==}
    peerDependencies:
      react: ^16.8.0 || ^17.0.0 || ^18.0.0 || ^19.0.0

  xstate@5.19.2:
    resolution: {integrity: sha512-B8fL2aP0ogn5aviAXFzI5oZseAMqN00fg/TeDa3ZtatyDcViYLIfuQl4y8qmHCiKZgGEzmnTyNtNQL9oeJE2gw==}

snapshots:

  '@xstate/react@5.0.2(react@19.0.0)(xstate@5.19.2)':
    dependencies:
      react: 19.0.0
      use-isomorphic-layout-effect: 1.2.0(react@19.0.0)
      use-sync-external-store: 1.4.0(react@19.0.0)
    optionalDependencies:
      xstate: 5.19.2
    transitivePeerDependencies:
      - '@types/react'

  react@19.0.0: {}

  use-isomorphic-layout-effect@1.2.0(react@19.0.0):
    dependencies:
      react: 19.0.0

  use-sync-external-store@1.4.0(react@19.0.0):
    dependencies:
      react: 19.0.0

  xstate@5.19.2: {}
